
Microsoft Visual Studio Solution File, Format Version 12.00
# Visual Studio Version 17
VisualStudioVersion = 17.14.36623.8 d17.14
MinimumVisualStudioVersion = 10.0.40219.1
Project("{FAE04EC0-301F-11D3-BF4B-00C04F79EFBC}") = "OzzyWeb1", "OzzyWeb1.csproj", "{A5FD6DDA-681A-4D12-9F85-CB7B2E9ADB15}"
EndProject
Global
	GlobalSection(SolutionConfigurationPlatforms) = preSolution
		Debug|Any CPU = Debug|Any CPU
		Release|Any CPU = Release|Any CPU
	EndGlobalSection
	GlobalSection(ProjectConfigurationPlatforms) = postSolution
		{A5FD6DDA-681A-4D12-9F85-CB7B2E9ADB15}.Debug|Any CPU.ActiveCfg = Debug|Any CPU
		{A5FD6DDA-681A-4D12-9F85-CB7B2E9ADB15}.Debug|Any CPU.Build.0 = Debug|Any CPU
		{A5FD6DDA-681A-4D12-9F85-CB7B2E9ADB15}.Release|Any CPU.ActiveCfg = Release|Any CPU
		{A5FD6DDA-681A-4D12-9F85-CB7B2E9ADB15}.Release|Any CPU.Build.0 = Release|Any CPU
	EndGlobalSection
	GlobalSection(SolutionProperties) = preSolution
		HideSolutionNode = FALSE
	EndGlobalSection
	GlobalSection(ExtensibilityGlobals) = postSolution
		SolutionGuid = {D13C06EF-0385-48E2-94DB-577161A1EDA8}
	EndGlobalSection
EndGlobal
